
Microsoft Visual Studio Solution File, Format Version 12.00
# Visual Studio Version 17
VisualStudioVersion = 17.12.35527.113
MinimumVisualStudioVersion = 10.0.40219.1
Project("{FAE04EC0-301F-11D3-BF4B-00C04F79EFBC}") = "People_Power", "People_Power\People_Power.csproj", "{2B66E17F-AC79-4D1C-8222-0857953C8E4D}"
EndProject
Project("{2150E333-8FDC-42A3-9474-1A3956D46DE8}") = "Solution Items", "Solution Items", "{E19E78CA-6B33-4A80-9C0C-D5ED368D7BDD}"
	ProjectSection(SolutionItems) = preProject
		.editorconfig = .editorconfig
	EndProjectSection
EndProject
Global
	GlobalSection(SolutionConfigurationPlatforms) = preSolution
		Debug|Any CPU = Debug|Any CPU
		Release|Any CPU = Release|Any CPU
	EndGlobalSection
	GlobalSection(ProjectConfigurationPlatforms) = postSolution
		{2B66E17F-AC79-4D1C-8222-0857953C8E4D}.Debug|Any CPU.ActiveCfg = Debug|Any CPU
		{2B66E17F-AC79-4D1C-8222-0857953C8E4D}.Debug|Any CPU.Build.0 = Debug|Any CPU
		{2B66E17F-AC79-4D1C-8222-0857953C8E4D}.Release|Any CPU.ActiveCfg = Release|Any CPU
		{2B66E17F-AC79-4D1C-8222-0857953C8E4D}.Release|Any CPU.Build.0 = Release|Any CPU
	EndGlobalSection
	GlobalSection(SolutionProperties) = preSolution
		HideSolutionNode = FALSE
	EndGlobalSection
EndGlobal
